
Microsoft Visual Studio Solution File, Format Version 12.00
# Visual Studio Version 16
VisualStudioVersion = 16.0.28606.126
MinimumVisualStudioVersion = 10.0.40219.1
Project("{FAE04EC0-301F-11D3-BF4B-00C04F79EFBC}") = "RayTracingInAWeekend", "RayTracingInAWeekend\RayTracingInAWeekend.csproj", "{8F6DDE58-AE5E-455C-A54D-8BEE4CDF9B01}"
EndProject
Global
	GlobalSection(SolutionConfigurationPlatforms) = preSolution
		Debug|Any CPU = Debug|Any CPU
		Release|Any CPU = Release|Any CPU
	EndGlobalSection
	GlobalSection(ProjectConfigurationPlatforms) = postSolution
		{8F6DDE58-AE5E-455C-A54D-8BEE4CDF9B01}.Debug|Any CPU.ActiveCfg = Debug|Any CPU
		{8F6DDE58-AE5E-455C-A54D-8BEE4CDF9B01}.Debug|Any CPU.Build.0 = Debug|Any CPU
		{8F6DDE58-AE5E-455C-A54D-8BEE4CDF9B01}.Release|Any CPU.ActiveCfg = Release|Any CPU
		{8F6DDE58-AE5E-455C-A54D-8BEE4CDF9B01}.Release|Any CPU.Build.0 = Release|Any CPU
	EndGlobalSection
	GlobalSection(SolutionProperties) = preSolution
		HideSolutionNode = FALSE
	EndGlobalSection
	GlobalSection(ExtensibilityGlobals) = postSolution
		SolutionGuid = {71B0509B-8D02-401A-9C4C-4CE8AC09B17E}
	EndGlobalSection
EndGlobal
